databaseChangeLog:
- changeSet:
    id: environment-check-lock
    author: fletch
    changes:
    - addColumn:
        tableName: delivery_config_last_checked
        columns:
        - column:
            name: locked_by
            type: varchar(64)
            constraints:
              nullable: true
    - dropIndex:
        tableName: delivery_config_last_checked
        indexName: delivery_config_last_checked_at_idx
    - createIndex:
        tableName: delivery_config_last_checked
        indexName: delivery_config_last_checked_at_locked_by_idx
        columns:
        - column:
            name: at
        - column:
            name: locked_by
